
Microsoft Visual Studio Solution File, Format Version 12.00
# Visual Studio Version 17
VisualStudioVersion = 17.3.32922.545
MinimumVisualStudioVersion = 10.0.40219.1
Project("{FAE04EC0-301F-11D3-BF4B-00C04F79EFBC}") = "Program1117", "Program1117\Program1117.csproj", "{1DA6EBB3-8AA0-4770-85BD-05ACCA2BD27D}"
EndProject
Global
	GlobalSection(SolutionConfigurationPlatforms) = preSolution
		Debug|Any CPU = Debug|Any CPU
		Release|Any CPU = Release|Any CPU
	EndGlobalSection
	GlobalSection(ProjectConfigurationPlatforms) = postSolution
		{1DA6EBB3-8AA0-4770-85BD-05ACCA2BD27D}.Debug|Any CPU.ActiveCfg = Debug|Any CPU
		{1DA6EBB3-8AA0-4770-85BD-05ACCA2BD27D}.Debug|Any CPU.Build.0 = Debug|Any CPU
		{1DA6EBB3-8AA0-4770-85BD-05ACCA2BD27D}.Release|Any CPU.ActiveCfg = Release|Any CPU
		{1DA6EBB3-8AA0-4770-85BD-05ACCA2BD27D}.Release|Any CPU.Build.0 = Release|Any CPU
	EndGlobalSection
	GlobalSection(SolutionProperties) = preSolution
		HideSolutionNode = FALSE
	EndGlobalSection
	GlobalSection(ExtensibilityGlobals) = postSolution
		SolutionGuid = {96E5A60C-EBE8-4086-8D73-D2C79F38A20B}
	EndGlobalSection
EndGlobal
