
Microsoft Visual Studio Solution File, Format Version 12.00
# Visual Studio Version 17
VisualStudioVersion = 17.3.32922.545
MinimumVisualStudioVersion = 10.0.40219.1
Project("{FAE04EC0-301F-11D3-BF4B-00C04F79EFBC}") = "Program1080", "Program1080\Program1080.csproj", "{092E5697-F113-4EAF-A0F7-9D7AE7AC9DD4}"
EndProject
Global
	GlobalSection(SolutionConfigurationPlatforms) = preSolution
		Debug|Any CPU = Debug|Any CPU
		Release|Any CPU = Release|Any CPU
	EndGlobalSection
	GlobalSection(ProjectConfigurationPlatforms) = postSolution
		{092E5697-F113-4EAF-A0F7-9D7AE7AC9DD4}.Debug|Any CPU.ActiveCfg = Debug|Any CPU
		{092E5697-F113-4EAF-A0F7-9D7AE7AC9DD4}.Debug|Any CPU.Build.0 = Debug|Any CPU
		{092E5697-F113-4EAF-A0F7-9D7AE7AC9DD4}.Release|Any CPU.ActiveCfg = Release|Any CPU
		{092E5697-F113-4EAF-A0F7-9D7AE7AC9DD4}.Release|Any CPU.Build.0 = Release|Any CPU
	EndGlobalSection
	GlobalSection(SolutionProperties) = preSolution
		HideSolutionNode = FALSE
	EndGlobalSection
	GlobalSection(ExtensibilityGlobals) = postSolution
		SolutionGuid = {61DFACEA-B89B-45D0-AFB4-E16B5316B450}
	EndGlobalSection
EndGlobal
